
Microsoft Visual Studio Solution File, Format Version 12.00
# Visual Studio 2012
Project("{FAE04EC0-301F-11D3-BF4B-00C04F79EFBC}") = "TsPractice", "TsPractice\TsPractice.csproj", "{89B2EEB8-B4E0-4B77-B37A-BBE0DEB09FCC}"
EndProject
Global
	GlobalSection(TeamFoundationVersionControl) = preSolution
		SccNumberOfProjects = 2
		SccEnterpriseProvider = {4CA58AB2-18FA-4F8D-95D4-32DDF27D184C}
		SccTeamFoundationServer = http://192.168.210.199:8080/tfs/misc
		SccLocalPath0 = .
		SccProjectUniqueName1 = TsPractice\\TsPractice.csproj
		SccProjectName1 = TsPractice
		SccLocalPath1 = TsPractice
	EndGlobalSection
	GlobalSection(SolutionConfigurationPlatforms) = preSolution
		Debug|Any CPU = Debug|Any CPU
		Release|Any CPU = Release|Any CPU
	EndGlobalSection
	GlobalSection(ProjectConfigurationPlatforms) = postSolution
		{89B2EEB8-B4E0-4B77-B37A-BBE0DEB09FCC}.Debug|Any CPU.ActiveCfg = Debug|Any CPU
		{89B2EEB8-B4E0-4B77-B37A-BBE0DEB09FCC}.Debug|Any CPU.Build.0 = Debug|Any CPU
		{89B2EEB8-B4E0-4B77-B37A-BBE0DEB09FCC}.Release|Any CPU.ActiveCfg = Release|Any CPU
		{89B2EEB8-B4E0-4B77-B37A-BBE0DEB09FCC}.Release|Any CPU.Build.0 = Release|Any CPU
	EndGlobalSection
	GlobalSection(SolutionProperties) = preSolution
		HideSolutionNode = FALSE
	EndGlobalSection
EndGlobal
